
Microsoft Visual Studio Solution File, Format Version 12.00
# Visual Studio Version 16
VisualStudioVersion = 16.0.31205.134
MinimumVisualStudioVersion = 10.0.40219.1
Project("{9A19103F-16F7-4668-BE54-9A1E7A4F7556}") = "ffxigamma-net5", "ffxigamma-net5.csproj", "{BE7E4541-EE56-4DE8-9F32-B95C1609CDA3}"
EndProject
Global
	GlobalSection(SolutionConfigurationPlatforms) = preSolution
		Debug|Any CPU = Debug|Any CPU
		Release|Any CPU = Release|Any CPU
	EndGlobalSection
	GlobalSection(ProjectConfigurationPlatforms) = postSolution
		{BE7E4541-EE56-4DE8-9F32-B95C1609CDA3}.Debug|Any CPU.ActiveCfg = Debug|Any CPU
		{BE7E4541-EE56-4DE8-9F32-B95C1609CDA3}.Debug|Any CPU.Build.0 = Debug|Any CPU
		{BE7E4541-EE56-4DE8-9F32-B95C1609CDA3}.Release|Any CPU.ActiveCfg = Release|Any CPU
		{BE7E4541-EE56-4DE8-9F32-B95C1609CDA3}.Release|Any CPU.Build.0 = Release|Any CPU
	EndGlobalSection
	GlobalSection(SolutionProperties) = preSolution
		HideSolutionNode = FALSE
	EndGlobalSection
	GlobalSection(ExtensibilityGlobals) = postSolution
		SolutionGuid = {0023525F-64EE-4D73-8ABE-9152C3D442DD}
	EndGlobalSection
EndGlobal
